
Microsoft Visual Studio Solution File, Format Version 12.00
# Visual Studio 15
VisualStudioVersion = 15.0.27130.2027
MinimumVisualStudioVersion = 10.0.40219.1
Project("{FAE04EC0-301F-11D3-BF4B-00C04F79EFBC}") = "MarkovicMarinoSystem.IO", "MarkovicMarinoSystem.IO\MarkovicMarinoSystem.IO.csproj", "{FC52C8D1-1754-4134-88E7-6424F1D93140}"
EndProject
Global
	GlobalSection(SolutionConfigurationPlatforms) = preSolution
		Debug|Any CPU = Debug|Any CPU
		Release|Any CPU = Release|Any CPU
	EndGlobalSection
	GlobalSection(ProjectConfigurationPlatforms) = postSolution
		{FC52C8D1-1754-4134-88E7-6424F1D93140}.Debug|Any CPU.ActiveCfg = Debug|Any CPU
		{FC52C8D1-1754-4134-88E7-6424F1D93140}.Debug|Any CPU.Build.0 = Debug|Any CPU
		{FC52C8D1-1754-4134-88E7-6424F1D93140}.Release|Any CPU.ActiveCfg = Release|Any CPU
		{FC52C8D1-1754-4134-88E7-6424F1D93140}.Release|Any CPU.Build.0 = Release|Any CPU
	EndGlobalSection
	GlobalSection(SolutionProperties) = preSolution
		HideSolutionNode = FALSE
	EndGlobalSection
	GlobalSection(ExtensibilityGlobals) = postSolution
		SolutionGuid = {994ADC5F-2900-4E6B-AD6D-A3C3EED66635}
	EndGlobalSection
EndGlobal
